
Microsoft Visual Studio Solution File, Format Version 12.00
Project("{2150E333-8FDC-42A3-9474-1A3956D46DE8}") = "Server", "Server", "{B96F2F40-6B54-458C-8496-3068DF0B6E5A}"
EndProject
Project("{FAE04EC0-301F-11D3-BF4B-00C04F79EFBC}") = "Entities", "Entities\Entities.csproj", "{BB2311FA-7112-438B-AF87-39A05FB805DB}"
EndProject
Project("{FAE04EC0-301F-11D3-BF4B-00C04F79EFBC}") = "RepositoryContracts", "RepositoryContracts\RepositoryContracts.csproj", "{59A82EFB-3540-466A-B27B-F395C3E99D09}"
EndProject
Project("{FAE04EC0-301F-11D3-BF4B-00C04F79EFBC}") = "InMemoryRepositories", "InMemoryRepositories\InMemoryRepositories.csproj", "{C7560444-FADC-4196-AA9F-DA2D86EAEF18}"
EndProject
Project("{FAE04EC0-301F-11D3-BF4B-00C04F79EFBC}") = "CLI", "CLI\CLI.csproj", "{A886D077-21CD-4BC7-8329-CDC00036F3DB}"
EndProject
Project("{FAE04EC0-301F-11D3-BF4B-00C04F79EFBC}") = "Filerepositories", "Filerepositories\Filerepositories.csproj", "{806A1565-7D4A-4CB8-9336-8081AF1271C3}"
EndProject
Project("{2150E333-8FDC-42A3-9474-1A3956D46DE8}") = "Shared", "Shared", "{0FA09E35-A87E-4409-A9BA-F7DB2023A6F2}"
EndProject
Project("{FAE04EC0-301F-11D3-BF4B-00C04F79EFBC}") = "DTOs", "Shared\DTOs\DTOs.csproj", "{F516109B-DFDC-4C9A-888B-B64D45CC2EDC}"
EndProject
Project("{FAE04EC0-301F-11D3-BF4B-00C04F79EFBC}") = "WebAPI", "Server\WebAPI\WebAPI.csproj", "{82BC3923-8A05-4D71-9D9E-B50F77C05CFF}"
EndProject
Project("{2150E333-8FDC-42A3-9474-1A3956D46DE8}") = "Client", "Client", "{6B53A5FF-3782-454A-B843-D3D9B9CFA353}"
EndProject
Project("{FAE04EC0-301F-11D3-BF4B-00C04F79EFBC}") = "BlazorApp", "BlazorApp\BlazorApp.csproj", "{59612F0C-09A9-4234-90E5-643A91E61D25}"
EndProject
Global
	GlobalSection(SolutionConfigurationPlatforms) = preSolution
		Debug|Any CPU = Debug|Any CPU
		Release|Any CPU = Release|Any CPU
	EndGlobalSection
	GlobalSection(NestedProjects) = preSolution
		{BB2311FA-7112-438B-AF87-39A05FB805DB} = {B96F2F40-6B54-458C-8496-3068DF0B6E5A}
		{59A82EFB-3540-466A-B27B-F395C3E99D09} = {B96F2F40-6B54-458C-8496-3068DF0B6E5A}
		{C7560444-FADC-4196-AA9F-DA2D86EAEF18} = {B96F2F40-6B54-458C-8496-3068DF0B6E5A}
		{A886D077-21CD-4BC7-8329-CDC00036F3DB} = {B96F2F40-6B54-458C-8496-3068DF0B6E5A}
		{806A1565-7D4A-4CB8-9336-8081AF1271C3} = {B96F2F40-6B54-458C-8496-3068DF0B6E5A}
		{F516109B-DFDC-4C9A-888B-B64D45CC2EDC} = {0FA09E35-A87E-4409-A9BA-F7DB2023A6F2}
		{82BC3923-8A05-4D71-9D9E-B50F77C05CFF} = {B96F2F40-6B54-458C-8496-3068DF0B6E5A}
		{59612F0C-09A9-4234-90E5-643A91E61D25} = {6B53A5FF-3782-454A-B843-D3D9B9CFA353}
	EndGlobalSection
	GlobalSection(ProjectConfigurationPlatforms) = postSolution
		{BB2311FA-7112-438B-AF87-39A05FB805DB}.Debug|Any CPU.ActiveCfg = Debug|Any CPU
		{BB2311FA-7112-438B-AF87-39A05FB805DB}.Debug|Any CPU.Build.0 = Debug|Any CPU
		{BB2311FA-7112-438B-AF87-39A05FB805DB}.Release|Any CPU.ActiveCfg = Release|Any CPU
		{BB2311FA-7112-438B-AF87-39A05FB805DB}.Release|Any CPU.Build.0 = Release|Any CPU
		{59A82EFB-3540-466A-B27B-F395C3E99D09}.Debug|Any CPU.ActiveCfg = Debug|Any CPU
		{59A82EFB-3540-466A-B27B-F395C3E99D09}.Debug|Any CPU.Build.0 = Debug|Any CPU
		{59A82EFB-3540-466A-B27B-F395C3E99D09}.Release|Any CPU.ActiveCfg = Release|Any CPU
		{59A82EFB-3540-466A-B27B-F395C3E99D09}.Release|Any CPU.Build.0 = Release|Any CPU
		{C7560444-FADC-4196-AA9F-DA2D86EAEF18}.Debug|Any CPU.ActiveCfg = Debug|Any CPU
		{C7560444-FADC-4196-AA9F-DA2D86EAEF18}.Debug|Any CPU.Build.0 = Debug|Any CPU
		{C7560444-FADC-4196-AA9F-DA2D86EAEF18}.Release|Any CPU.ActiveCfg = Release|Any CPU
		{C7560444-FADC-4196-AA9F-DA2D86EAEF18}.Release|Any CPU.Build.0 = Release|Any CPU
		{A886D077-21CD-4BC7-8329-CDC00036F3DB}.Debug|Any CPU.ActiveCfg = Debug|Any CPU
		{A886D077-21CD-4BC7-8329-CDC00036F3DB}.Debug|Any CPU.Build.0 = Debug|Any CPU
		{A886D077-21CD-4BC7-8329-CDC00036F3DB}.Release|Any CPU.ActiveCfg = Release|Any CPU
		{A886D077-21CD-4BC7-8329-CDC00036F3DB}.Release|Any CPU.Build.0 = Release|Any CPU
		{806A1565-7D4A-4CB8-9336-8081AF1271C3}.Debug|Any CPU.ActiveCfg = Debug|Any CPU
		{806A1565-7D4A-4CB8-9336-8081AF1271C3}.Debug|Any CPU.Build.0 = Debug|Any CPU
		{806A1565-7D4A-4CB8-9336-8081AF1271C3}.Release|Any CPU.ActiveCfg = Release|Any CPU
		{806A1565-7D4A-4CB8-9336-8081AF1271C3}.Release|Any CPU.Build.0 = Release|Any CPU
		{F516109B-DFDC-4C9A-888B-B64D45CC2EDC}.Debug|Any CPU.ActiveCfg = Debug|Any CPU
		{F516109B-DFDC-4C9A-888B-B64D45CC2EDC}.Debug|Any CPU.Build.0 = Debug|Any CPU
		{F516109B-DFDC-4C9A-888B-B64D45CC2EDC}.Release|Any CPU.ActiveCfg = Release|Any CPU
		{F516109B-DFDC-4C9A-888B-B64D45CC2EDC}.Release|Any CPU.Build.0 = Release|Any CPU
		{82BC3923-8A05-4D71-9D9E-B50F77C05CFF}.Debug|Any CPU.ActiveCfg = Debug|Any CPU
		{82BC3923-8A05-4D71-9D9E-B50F77C05CFF}.Debug|Any CPU.Build.0 = Debug|Any CPU
		{82BC3923-8A05-4D71-9D9E-B50F77C05CFF}.Release|Any CPU.ActiveCfg = Release|Any CPU
		{82BC3923-8A05-4D71-9D9E-B50F77C05CFF}.Release|Any CPU.Build.0 = Release|Any CPU
		{59612F0C-09A9-4234-90E5-643A91E61D25}.Debug|Any CPU.ActiveCfg = Debug|Any CPU
		{59612F0C-09A9-4234-90E5-643A91E61D25}.Debug|Any CPU.Build.0 = Debug|Any CPU
		{59612F0C-09A9-4234-90E5-643A91E61D25}.Release|Any CPU.ActiveCfg = Release|Any CPU
		{59612F0C-09A9-4234-90E5-643A91E61D25}.Release|Any CPU.Build.0 = Release|Any CPU
	EndGlobalSection
EndGlobal
